
Microsoft Visual Studio Solution File, Format Version 12.00
# Visual Studio Version 17
VisualStudioVersion = 17.7.34031.279
MinimumVisualStudioVersion = 10.0.40219.1
Project("{FAE04EC0-301F-11D3-BF4B-00C04F79EFBC}") = "WpfApp2911232", "WpfApp2911232.csproj", "{90D367A4-B8BC-4609-88DA-C5DB8DCEDACF}"
EndProject
Global
	GlobalSection(SolutionConfigurationPlatforms) = preSolution
		Debug|Any CPU = Debug|Any CPU
		Release|Any CPU = Release|Any CPU
	EndGlobalSection
	GlobalSection(ProjectConfigurationPlatforms) = postSolution
		{90D367A4-B8BC-4609-88DA-C5DB8DCEDACF}.Debug|Any CPU.ActiveCfg = Debug|Any CPU
		{90D367A4-B8BC-4609-88DA-C5DB8DCEDACF}.Debug|Any CPU.Build.0 = Debug|Any CPU
		{90D367A4-B8BC-4609-88DA-C5DB8DCEDACF}.Release|Any CPU.ActiveCfg = Release|Any CPU
		{90D367A4-B8BC-4609-88DA-C5DB8DCEDACF}.Release|Any CPU.Build.0 = Release|Any CPU
	EndGlobalSection
	GlobalSection(SolutionProperties) = preSolution
		HideSolutionNode = FALSE
	EndGlobalSection
	GlobalSection(ExtensibilityGlobals) = postSolution
		SolutionGuid = {1FFC0496-D23E-494B-8A87-E52328FB8D1E}
	EndGlobalSection
EndGlobal
